
Microsoft Visual Studio Solution File, Format Version 12.00
Project("{FAE04EC0-301F-11D3-BF4B-00C04F79EFBC}") = "CoffeeBot", "CoffeeBot\CoffeeBot.csproj", "{CEAD233F-24F0-4454-809B-D608799EBC13}"
EndProject
Global
	GlobalSection(SolutionConfigurationPlatforms) = preSolution
		Debug|Any CPU = Debug|Any CPU
		Release|Any CPU = Release|Any CPU
	EndGlobalSection
	GlobalSection(ProjectConfigurationPlatforms) = postSolution
		{CEAD233F-24F0-4454-809B-D608799EBC13}.Debug|Any CPU.ActiveCfg = Debug|Any CPU
		{CEAD233F-24F0-4454-809B-D608799EBC13}.Debug|Any CPU.Build.0 = Debug|Any CPU
		{CEAD233F-24F0-4454-809B-D608799EBC13}.Release|Any CPU.ActiveCfg = Release|Any CPU
		{CEAD233F-24F0-4454-809B-D608799EBC13}.Release|Any CPU.Build.0 = Release|Any CPU
	EndGlobalSection
EndGlobal
